
Microsoft Visual Studio Solution File, Format Version 12.00
# Visual Studio Version 16
VisualStudioVersion = 16.0.30711.63
MinimumVisualStudioVersion = 10.0.40219.1
Project("{FAE04EC0-301F-11D3-BF4B-00C04F79EFBC}") = "Game", "Game\Game.csproj", "{98D43D1D-CA69-4B66-BB8B-28EF3FCF4431}"
EndProject
Global
	GlobalSection(SolutionConfigurationPlatforms) = preSolution
		Debug|Any CPU = Debug|Any CPU
		Release|Any CPU = Release|Any CPU
	EndGlobalSection
	GlobalSection(ProjectConfigurationPlatforms) = postSolution
		{98D43D1D-CA69-4B66-BB8B-28EF3FCF4431}.Debug|Any CPU.ActiveCfg = Debug|Any CPU
		{98D43D1D-CA69-4B66-BB8B-28EF3FCF4431}.Debug|Any CPU.Build.0 = Debug|Any CPU
		{98D43D1D-CA69-4B66-BB8B-28EF3FCF4431}.Release|Any CPU.ActiveCfg = Release|Any CPU
		{98D43D1D-CA69-4B66-BB8B-28EF3FCF4431}.Release|Any CPU.Build.0 = Release|Any CPU
	EndGlobalSection
	GlobalSection(SolutionProperties) = preSolution
		HideSolutionNode = FALSE
	EndGlobalSection
	GlobalSection(ExtensibilityGlobals) = postSolution
		SolutionGuid = {3AAEC104-E9A1-4A03-BA7D-E2E4AF565E59}
	EndGlobalSection
EndGlobal
